
Microsoft Visual Studio Solution File, Format Version 12.00
# Visual Studio 15
VisualStudioVersion = 15.0.27130.2027
MinimumVisualStudioVersion = 10.0.40219.1
Project("{FAE04EC0-301F-11D3-BF4B-00C04F79EFBC}") = "CodeFitness.BL", "CodeFitness.BL\CodeFitness.BL.csproj", "{BE24193D-BB43-4165-8554-F930D483BD48}"
EndProject
Project("{FAE04EC0-301F-11D3-BF4B-00C04F79EFBC}") = "CodeFitness.CMD", "CodeFitness.CMD\CodeFitness.CMD.csproj", "{DE275BEE-4BF3-4004-BFAD-59382476ED9B}"
EndProject
Global
	GlobalSection(SolutionConfigurationPlatforms) = preSolution
		Debug|Any CPU = Debug|Any CPU
		Release|Any CPU = Release|Any CPU
	EndGlobalSection
	GlobalSection(ProjectConfigurationPlatforms) = postSolution
		{BE24193D-BB43-4165-8554-F930D483BD48}.Debug|Any CPU.ActiveCfg = Debug|Any CPU
		{BE24193D-BB43-4165-8554-F930D483BD48}.Debug|Any CPU.Build.0 = Debug|Any CPU
		{BE24193D-BB43-4165-8554-F930D483BD48}.Release|Any CPU.ActiveCfg = Release|Any CPU
		{BE24193D-BB43-4165-8554-F930D483BD48}.Release|Any CPU.Build.0 = Release|Any CPU
		{DE275BEE-4BF3-4004-BFAD-59382476ED9B}.Debug|Any CPU.ActiveCfg = Debug|Any CPU
		{DE275BEE-4BF3-4004-BFAD-59382476ED9B}.Debug|Any CPU.Build.0 = Debug|Any CPU
		{DE275BEE-4BF3-4004-BFAD-59382476ED9B}.Release|Any CPU.ActiveCfg = Release|Any CPU
		{DE275BEE-4BF3-4004-BFAD-59382476ED9B}.Release|Any CPU.Build.0 = Release|Any CPU
	EndGlobalSection
	GlobalSection(SolutionProperties) = preSolution
		HideSolutionNode = FALSE
	EndGlobalSection
	GlobalSection(ExtensibilityGlobals) = postSolution
		SolutionGuid = {B349E9F4-3569-493D-BE87-A2AE1BFDE2F0}
	EndGlobalSection
EndGlobal
